<Solution>
  <Project Path="7.1/7.1.csproj" Id="6b478d9e-1364-4a37-aec2-228bdfe6fcea" />
  <Project Path="7.2/7.2.csproj" Id="dba124a5-4f72-4cf2-a9c2-88b4d7b5c82d" />
  <Project Path="7.3/7.3.csproj" Id="87ff0842-66d0-4d42-9419-c804b7666eb2" />
  <Project Path="7.4/7.4.csproj" Id="d8f7258d-a9cb-4797-bb76-5cde45e634b4" />
</Solution>
