<Solution>
  <Project Path="5.1/5.1.csproj" Id="2487a65c-4d14-4ee6-9417-4d5c7d1d965e" />
  <Project Path="5.2/5.2.csproj" Id="756fb967-5a09-4a85-b88f-282470f96906" />
  <Project Path="5.3/5.3.csproj" Id="876a4999-b32f-45f9-bdac-70b7a4a194e9" />
  <Project Path="5.4/5.4.csproj" Id="e3b9e511-0967-462e-ac6e-111a5a6a1a4b" />
</Solution>
