<Solution>
  <Project Path="6.1/6.1.csproj" Id="7b511327-ee13-4c0f-9502-e3b575d4ddeb" />
  <Project Path="6.2/6.2.csproj" Id="e581134f-81dd-4b27-b8ed-b8846f26d54a" />
  <Project Path="6.3/6.3.csproj" Id="b0dca66e-e653-4b55-8066-ee101e7c00a3" />
  <Project Path="6.4/6.4.csproj" Id="7945ad27-8a0c-41a8-b67c-256399d2c1de" />
</Solution>
